
Microsoft Visual Studio Solution File, Format Version 12.00
# Visual Studio Version 16
VisualStudioVersion = 16.0.29411.108
MinimumVisualStudioVersion = 10.0.40219.1
Project("{8BC9CEB8-8B4A-11D0-8D11-00A0C91BC942}") = "Baekjoon[IO]", "Baekjoon[IO]\Baekjoon[IO].vcxproj", "{47F5AD4F-5FED-42BD-988D-42210FA70642}"
EndProject
Project("{8BC9CEB8-8B4A-11D0-8D11-00A0C91BC942}") = "Baekjoon[배열,정렬]", "Baekjoon[배열,정렬]\Baekjoon[배열,정렬].vcxproj", "{B005293A-900E-4BFB-9A0E-B2002E9EFF97}"
EndProject
Project("{8BC9CEB8-8B4A-11D0-8D11-00A0C91BC942}") = "Baekjoon[DS]", "Baekjoon[DS]\Baekjoon[DS].vcxproj", "{3E8EB41A-F5FE-43D3-8DC7-EA015CBC48A1}"
EndProject
Project("{8BC9CEB8-8B4A-11D0-8D11-00A0C91BC942}") = "Baekjoon[DP]", "Baekjoon[DP]\Baekjoon[DP].vcxproj", "{40E01162-6FAE-4733-9206-38F30DABC683}"
EndProject
Global
	GlobalSection(SolutionConfigurationPlatforms) = preSolution
		Debug|x64 = Debug|x64
		Debug|x86 = Debug|x86
		Release|x64 = Release|x64
		Release|x86 = Release|x86
	EndGlobalSection
	GlobalSection(ProjectConfigurationPlatforms) = postSolution
		{47F5AD4F-5FED-42BD-988D-42210FA70642}.Debug|x64.ActiveCfg = Debug|x64
		{47F5AD4F-5FED-42BD-988D-42210FA70642}.Debug|x64.Build.0 = Debug|x64
		{47F5AD4F-5FED-42BD-988D-42210FA70642}.Debug|x86.ActiveCfg = Debug|Win32
		{47F5AD4F-5FED-42BD-988D-42210FA70642}.Debug|x86.Build.0 = Debug|Win32
		{47F5AD4F-5FED-42BD-988D-42210FA70642}.Release|x64.ActiveCfg = Release|x64
		{47F5AD4F-5FED-42BD-988D-42210FA70642}.Release|x64.Build.0 = Release|x64
		{47F5AD4F-5FED-42BD-988D-42210FA70642}.Release|x86.ActiveCfg = Release|Win32
		{47F5AD4F-5FED-42BD-988D-42210FA70642}.Release|x86.Build.0 = Release|Win32
		{B005293A-900E-4BFB-9A0E-B2002E9EFF97}.Debug|x64.ActiveCfg = Debug|x64
		{B005293A-900E-4BFB-9A0E-B2002E9EFF97}.Debug|x64.Build.0 = Debug|x64
		{B005293A-900E-4BFB-9A0E-B2002E9EFF97}.Debug|x86.ActiveCfg = Debug|Win32
		{B005293A-900E-4BFB-9A0E-B2002E9EFF97}.Debug|x86.Build.0 = Debug|Win32
		{B005293A-900E-4BFB-9A0E-B2002E9EFF97}.Release|x64.ActiveCfg = Release|x64
		{B005293A-900E-4BFB-9A0E-B2002E9EFF97}.Release|x64.Build.0 = Release|x64
		{B005293A-900E-4BFB-9A0E-B2002E9EFF97}.Release|x86.ActiveCfg = Release|Win32
		{B005293A-900E-4BFB-9A0E-B2002E9EFF97}.Release|x86.Build.0 = Release|Win32
		{3E8EB41A-F5FE-43D3-8DC7-EA015CBC48A1}.Debug|x64.ActiveCfg = Debug|x64
		{3E8EB41A-F5FE-43D3-8DC7-EA015CBC48A1}.Debug|x64.Build.0 = Debug|x64
		{3E8EB41A-F5FE-43D3-8DC7-EA015CBC48A1}.Debug|x86.ActiveCfg = Debug|Win32
		{3E8EB41A-F5FE-43D3-8DC7-EA015CBC48A1}.Debug|x86.Build.0 = Debug|Win32
		{3E8EB41A-F5FE-43D3-8DC7-EA015CBC48A1}.Release|x64.ActiveCfg = Release|x64
		{3E8EB41A-F5FE-43D3-8DC7-EA015CBC48A1}.Release|x64.Build.0 = Release|x64
		{3E8EB41A-F5FE-43D3-8DC7-EA015CBC48A1}.Release|x86.ActiveCfg = Release|Win32
		{3E8EB41A-F5FE-43D3-8DC7-EA015CBC48A1}.Release|x86.Build.0 = Release|Win32
		{40E01162-6FAE-4733-9206-38F30DABC683}.Debug|x64.ActiveCfg = Debug|x64
		{40E01162-6FAE-4733-9206-38F30DABC683}.Debug|x64.Build.0 = Debug|x64
		{40E01162-6FAE-4733-9206-38F30DABC683}.Debug|x86.ActiveCfg = Debug|Win32
		{40E01162-6FAE-4733-9206-38F30DABC683}.Debug|x86.Build.0 = Debug|Win32
		{40E01162-6FAE-4733-9206-38F30DABC683}.Release|x64.ActiveCfg = Release|x64
		{40E01162-6FAE-4733-9206-38F30DABC683}.Release|x64.Build.0 = Release|x64
		{40E01162-6FAE-4733-9206-38F30DABC683}.Release|x86.ActiveCfg = Release|Win32
		{40E01162-6FAE-4733-9206-38F30DABC683}.Release|x86.Build.0 = Release|Win32
	EndGlobalSection
	GlobalSection(SolutionProperties) = preSolution
		HideSolutionNode = FALSE
	EndGlobalSection
	GlobalSection(ExtensibilityGlobals) = postSolution
		SolutionGuid = {E6CB6501-8520-4D48-950F-D6EF3D45AE9B}
	EndGlobalSection
EndGlobal
